# This file is generated by running "yarn install" inside your project.
# Manual changes might be lost - proceed with caution!

__metadata:
  version: 4
  cacheKey: 8

"@neko7sora/node-zip@workspace:.":
  version: 0.0.0-use.local
  resolution: "@neko7sora/node-zip@workspace:."
  dependencies:
    jszip: 2.6.1
  languageName: unknown
  linkType: soft

"jszip@npm:2.6.1":
  version: 2.6.1
  resolution: "jszip@npm:2.6.1"
  dependencies:
    pako: ~1.0.2
  checksum: 0a7e928162c73114621a5d610a54aa9c64ae718fc75f0765a74a1b855a08fec0167bf0b2bf8285b7adcba66f7cdacde5432dde281dc56c1ee9471da30f85e680
  languageName: node
  linkType: hard

"pako@npm:~1.0.2":
  version: 1.0.11
  resolution: "pako@npm:1.0.11"
  checksum: 1be2bfa1f807608c7538afa15d6f25baa523c30ec870a3228a89579e474a4d992f4293859524e46d5d87fd30fa17c5edf34dbef0671251d9749820b488660b16
  languageName: node
  linkType: hard
